
Microsoft Visual Studio Solution File, Format Version 12.00
# Visual Studio 2012
Project("{FAE04EC0-301F-11D3-BF4B-00C04F79EFBC}") = "ppkgedsv", "ppkgedsv\ppkgedsv.csproj", "{913BF04B-3DFE-4F6A-BE62-3FD6247DA572}"
EndProject
Global
	GlobalSection(SolutionConfigurationPlatforms) = preSolution
		Debug|x86 = Debug|x86
		Release|x86 = Release|x86
	EndGlobalSection
	GlobalSection(ProjectConfigurationPlatforms) = postSolution
		{913BF04B-3DFE-4F6A-BE62-3FD6247DA572}.Debug|x86.ActiveCfg = Debug|x86
		{913BF04B-3DFE-4F6A-BE62-3FD6247DA572}.Debug|x86.Build.0 = Debug|x86
		{913BF04B-3DFE-4F6A-BE62-3FD6247DA572}.Release|x86.ActiveCfg = Release|x86
		{913BF04B-3DFE-4F6A-BE62-3FD6247DA572}.Release|x86.Build.0 = Release|x86
	EndGlobalSection
EndGlobal
